
Microsoft Visual Studio Solution File, Format Version 12.00
# Visual Studio 14
VisualStudioVersion = 14.0.25420.1
MinimumVisualStudioVersion = 10.0.40219.1
Project("{FAE04EC0-301F-11D3-BF4B-00C04F79EFBC}") = "FormsRecyclerViewApp", "FormsRecyclerViewApp\FormsRecyclerViewApp\FormsRecyclerViewApp.csproj", "{6766A635-C6D4-4E0A-8CAB-E174E036A2B8}"
EndProject
Project("{FAE04EC0-301F-11D3-BF4B-00C04F79EFBC}") = "FormsRecyclerViewApp.Android", "FormsRecyclerViewApp\FormsRecyclerViewApp.Android\FormsRecyclerViewApp.Android.csproj", "{7D0A4D2A-7ACB-4885-B14C-C8F691D3F5DE}"
EndProject
Global
	GlobalSection(SolutionConfigurationPlatforms) = preSolution
		Debug|Any CPU = Debug|Any CPU
		Release|Any CPU = Release|Any CPU
	EndGlobalSection
	GlobalSection(ProjectConfigurationPlatforms) = postSolution
		{6766A635-C6D4-4E0A-8CAB-E174E036A2B8}.Debug|Any CPU.ActiveCfg = Debug|Any CPU
		{6766A635-C6D4-4E0A-8CAB-E174E036A2B8}.Debug|Any CPU.Build.0 = Debug|Any CPU
		{6766A635-C6D4-4E0A-8CAB-E174E036A2B8}.Release|Any CPU.ActiveCfg = Release|Any CPU
		{6766A635-C6D4-4E0A-8CAB-E174E036A2B8}.Release|Any CPU.Build.0 = Release|Any CPU
		{7D0A4D2A-7ACB-4885-B14C-C8F691D3F5DE}.Debug|Any CPU.ActiveCfg = Debug|Any CPU
		{7D0A4D2A-7ACB-4885-B14C-C8F691D3F5DE}.Debug|Any CPU.Build.0 = Debug|Any CPU
		{7D0A4D2A-7ACB-4885-B14C-C8F691D3F5DE}.Debug|Any CPU.Deploy.0 = Debug|Any CPU
		{7D0A4D2A-7ACB-4885-B14C-C8F691D3F5DE}.Release|Any CPU.ActiveCfg = Release|Any CPU
		{7D0A4D2A-7ACB-4885-B14C-C8F691D3F5DE}.Release|Any CPU.Build.0 = Release|Any CPU
		{7D0A4D2A-7ACB-4885-B14C-C8F691D3F5DE}.Release|Any CPU.Deploy.0 = Release|Any CPU
	EndGlobalSection
	GlobalSection(SolutionProperties) = preSolution
		HideSolutionNode = FALSE
	EndGlobalSection
EndGlobal
